# THIS IS AN AUTOGENERATED FILE. DO NOT EDIT THIS FILE DIRECTLY.
# yarn lockfile v1


"@simonwep/pickr@^1.4.7":
  version "1.4.7"
  resolved "https://registry.yarnpkg.com/@simonwep/pickr/-/pickr-1.4.7.tgz#c65d51b8a7597011eed5ddcb072e3bc4f7e47ba4"
  integrity sha512-dnx46+3KiZJ5YNXoWDdaOPLZGPCOFsFsa5uT3Eg+lYCUw8yZ+UxOGG9kEbUX+HgM35bJvAnOfq0l1qEr3CLVzw==
  dependencies:
    core-js "^3.3.6"

angular@^1.7.8:
  version "1.7.8"
  resolved "https://registry.yarnpkg.com/angular/-/angular-1.7.8.tgz#b77ede272ce1b261e3be30c1451a0b346905a3c9"
  integrity sha512-wtef/y4COxM7ZVhddd7JtAAhyYObq9YXKar9tsW7558BImeVYteJiTxCKeJOL45lJ/+7B4wrAC49j8gTFYEthg==

core-js@^3.3.6:
  version "3.4.1"
  resolved "https://registry.yarnpkg.com/core-js/-/core-js-3.4.1.tgz#76dd6828412900ab27c8ce0b22e6114d7ce21b18"
  integrity sha512-KX/dnuY/J8FtEwbnrzmAjUYgLqtk+cxM86hfG60LGiW3MmltIc2yAmDgBgEkfm0blZhUrdr1Zd84J2Y14mLxzg==
